
Microsoft Visual Studio Solution File, Format Version 12.00
# Visual Studio Version 17
VisualStudioVersion = 17.9.34511.98
MinimumVisualStudioVersion = 10.0.40219.1
Project("{9A19103F-16F7-4668-BE54-9A1E7A4F7556}") = "StockMarket", "StockMarket\StockMarket.csproj", "{5438A3DD-8C14-4FE9-9985-CB99201541F4}"
EndProject
Project("{9A19103F-16F7-4668-BE54-9A1E7A4F7556}") = "StockMarket.Entities", "StockMarket.Entities\StockMarket.Entities.csproj", "{50C09F57-E06F-4701-B390-DB4C94FCB764}"
EndProject
Project("{9A19103F-16F7-4668-BE54-9A1E7A4F7556}") = "StockMarket.Logic", "StockMarket.Logic\StockMarket.Logic.csproj", "{EBCAEC94-778B-49C3-A9CA-9D1182733817}"
EndProject
Project("{9A19103F-16F7-4668-BE54-9A1E7A4F7556}") = "ServiceContracks", "ServiceContracks\ServiceContracks.csproj", "{C020EE52-3854-4C5F-80EC-47163CBBC25D}"
EndProject
Project("{9A19103F-16F7-4668-BE54-9A1E7A4F7556}") = "Services", "Services\Services.csproj", "{D0E81690-A087-4686-9027-1C06216507B9}"
EndProject
Project("{9A19103F-16F7-4668-BE54-9A1E7A4F7556}") = "RepositoryContracts", "RepositoryContracts\RepositoryContracts.csproj", "{6B395B7F-16D9-45D1-9890-2F91F0D4D5A9}"
EndProject
Project("{9A19103F-16F7-4668-BE54-9A1E7A4F7556}") = "Repositories", "Repositories\Repositories.csproj", "{C46F0E30-8F25-4CEE-87C7-131AC5074A7E}"
EndProject
Project("{FAE04EC0-301F-11D3-BF4B-00C04F79EFBC}") = "Exceptions", "Exceptions\Exceptions.csproj", "{5BD4C916-4063-44C5-884E-CCE82834931D}"
EndProject
Global
	GlobalSection(SolutionConfigurationPlatforms) = preSolution
		Debug|Any CPU = Debug|Any CPU
		Release|Any CPU = Release|Any CPU
	EndGlobalSection
	GlobalSection(ProjectConfigurationPlatforms) = postSolution
		{5438A3DD-8C14-4FE9-9985-CB99201541F4}.Debug|Any CPU.ActiveCfg = Debug|Any CPU
		{5438A3DD-8C14-4FE9-9985-CB99201541F4}.Debug|Any CPU.Build.0 = Debug|Any CPU
		{5438A3DD-8C14-4FE9-9985-CB99201541F4}.Release|Any CPU.ActiveCfg = Release|Any CPU
		{5438A3DD-8C14-4FE9-9985-CB99201541F4}.Release|Any CPU.Build.0 = Release|Any CPU
		{50C09F57-E06F-4701-B390-DB4C94FCB764}.Debug|Any CPU.ActiveCfg = Debug|Any CPU
		{50C09F57-E06F-4701-B390-DB4C94FCB764}.Debug|Any CPU.Build.0 = Debug|Any CPU
		{50C09F57-E06F-4701-B390-DB4C94FCB764}.Release|Any CPU.ActiveCfg = Release|Any CPU
		{50C09F57-E06F-4701-B390-DB4C94FCB764}.Release|Any CPU.Build.0 = Release|Any CPU
		{EBCAEC94-778B-49C3-A9CA-9D1182733817}.Debug|Any CPU.ActiveCfg = Debug|Any CPU
		{EBCAEC94-778B-49C3-A9CA-9D1182733817}.Debug|Any CPU.Build.0 = Debug|Any CPU
		{EBCAEC94-778B-49C3-A9CA-9D1182733817}.Release|Any CPU.ActiveCfg = Release|Any CPU
		{EBCAEC94-778B-49C3-A9CA-9D1182733817}.Release|Any CPU.Build.0 = Release|Any CPU
		{C020EE52-3854-4C5F-80EC-47163CBBC25D}.Debug|Any CPU.ActiveCfg = Debug|Any CPU
		{C020EE52-3854-4C5F-80EC-47163CBBC25D}.Debug|Any CPU.Build.0 = Debug|Any CPU
		{C020EE52-3854-4C5F-80EC-47163CBBC25D}.Release|Any CPU.ActiveCfg = Release|Any CPU
		{C020EE52-3854-4C5F-80EC-47163CBBC25D}.Release|Any CPU.Build.0 = Release|Any CPU
		{D0E81690-A087-4686-9027-1C06216507B9}.Debug|Any CPU.ActiveCfg = Debug|Any CPU
		{D0E81690-A087-4686-9027-1C06216507B9}.Debug|Any CPU.Build.0 = Debug|Any CPU
		{D0E81690-A087-4686-9027-1C06216507B9}.Release|Any CPU.ActiveCfg = Release|Any CPU
		{D0E81690-A087-4686-9027-1C06216507B9}.Release|Any CPU.Build.0 = Release|Any CPU
		{6B395B7F-16D9-45D1-9890-2F91F0D4D5A9}.Debug|Any CPU.ActiveCfg = Debug|Any CPU
		{6B395B7F-16D9-45D1-9890-2F91F0D4D5A9}.Debug|Any CPU.Build.0 = Debug|Any CPU
		{6B395B7F-16D9-45D1-9890-2F91F0D4D5A9}.Release|Any CPU.ActiveCfg = Release|Any CPU
		{6B395B7F-16D9-45D1-9890-2F91F0D4D5A9}.Release|Any CPU.Build.0 = Release|Any CPU
		{C46F0E30-8F25-4CEE-87C7-131AC5074A7E}.Debug|Any CPU.ActiveCfg = Debug|Any CPU
		{C46F0E30-8F25-4CEE-87C7-131AC5074A7E}.Debug|Any CPU.Build.0 = Debug|Any CPU
		{C46F0E30-8F25-4CEE-87C7-131AC5074A7E}.Release|Any CPU.ActiveCfg = Release|Any CPU
		{C46F0E30-8F25-4CEE-87C7-131AC5074A7E}.Release|Any CPU.Build.0 = Release|Any CPU
		{5BD4C916-4063-44C5-884E-CCE82834931D}.Debug|Any CPU.ActiveCfg = Debug|Any CPU
		{5BD4C916-4063-44C5-884E-CCE82834931D}.Debug|Any CPU.Build.0 = Debug|Any CPU
		{5BD4C916-4063-44C5-884E-CCE82834931D}.Release|Any CPU.ActiveCfg = Release|Any CPU
		{5BD4C916-4063-44C5-884E-CCE82834931D}.Release|Any CPU.Build.0 = Release|Any CPU
	EndGlobalSection
	GlobalSection(SolutionProperties) = preSolution
		HideSolutionNode = FALSE
	EndGlobalSection
	GlobalSection(ExtensibilityGlobals) = postSolution
		SolutionGuid = {2952B2E1-A5B5-446A-B8A3-CFD11456B5FA}
	EndGlobalSection
EndGlobal
